
Microsoft Visual Studio Solution File, Format Version 12.00
# Visual Studio Version 17
VisualStudioVersion = 17.14.36414.22
MinimumVisualStudioVersion = 10.0.40219.1
Project("{FAE04EC0-301F-11D3-BF4B-00C04F79EFBC}") = "Humanity", "Humanity.csproj", "{68DCFFDA-F8B4-4850-8315-799250C7102C}"
EndProject
Global
	GlobalSection(SolutionConfigurationPlatforms) = preSolution
		Debug|Any CPU = Debug|Any CPU
		Release|Any CPU = Release|Any CPU
	EndGlobalSection
	GlobalSection(ProjectConfigurationPlatforms) = postSolution
		{68DCFFDA-F8B4-4850-8315-799250C7102C}.Debug|Any CPU.ActiveCfg = Debug|Any CPU
		{68DCFFDA-F8B4-4850-8315-799250C7102C}.Debug|Any CPU.Build.0 = Debug|Any CPU
		{68DCFFDA-F8B4-4850-8315-799250C7102C}.Release|Any CPU.ActiveCfg = Release|Any CPU
		{68DCFFDA-F8B4-4850-8315-799250C7102C}.Release|Any CPU.Build.0 = Release|Any CPU
	EndGlobalSection
	GlobalSection(SolutionProperties) = preSolution
		HideSolutionNode = FALSE
	EndGlobalSection
	GlobalSection(ExtensibilityGlobals) = postSolution
		SolutionGuid = {72AE4D74-2205-4CE1-9D6C-322920BFAB14}
	EndGlobalSection
EndGlobal
